// !$*UTF8*$!
{
	archiveVersion = 1;
	classes = {
	};
	objectVersion = 52;
	objects = {

/* Begin PBXBuildFile section */
		6B0455EB264B4ED30066640D /* OrderView.swift in Sources */ = {isa = PBXBuildFile; fileRef = 6B0455EA264B4ED30066640D /* OrderView.swift */; };
		6B0455ED264DD1DB0066640D /* ApplePay.swift in Sources */ = {isa = PBXBuildFile; fileRef = 6B0455EC264DD1DB0066640D /* ApplePay.swift */; };
		6B0455F0264DDD0F0066640D /* AccountView.swift in Sources */ = {isa = PBXBuildFile; fileRef = 6B0455EF264DDD0F0066640D /* AccountView.swift */; };
		6B1FAD1D2648002800603C6D /* ShopAppApp.swift in Sources */ = {isa = PBXBuildFile; fileRef = 6B1FAD1C2648002800603C6D /* ShopAppApp.swift */; };
		6B1FAD1F2648002800603C6D /* ContentView.swift in Sources */ = {isa = PBXBuildFile; fileRef = 6B1FAD1E2648002800603C6D /* ContentView.swift */; };
		6B1FAD212648002A00603C6D /* Assets.xcassets in Resources */ = {isa = PBXBuildFile; fileRef = 6B1FAD202648002A00603C6D /* Assets.xcassets */; };
		6B1FAD242648002A00603C6D /* Preview Assets.xcassets in Resources */ = {isa = PBXBuildFile; fileRef = 6B1FAD232648002A00603C6D /* Preview Assets.xcassets */; };
		6B1FAD2C2648010F00603C6D /* MainscreenView.swift in Sources */ = {isa = PBXBuildFile; fileRef = 6B1FAD2B2648010F00603C6D /* MainscreenView.swift */; };
		6B1FAD2E2648023300603C6D /* TabBar.swift in Sources */ = {isa = PBXBuildFile; fileRef = 6B1FAD2D2648023300603C6D /* TabBar.swift */; };
		6B1FAD312648050E00603C6D /* Introspect in Frameworks */ = {isa = PBXBuildFile; productRef = 6B1FAD302648050E00603C6D /* Introspect */; };
		6B1FAD382648081900603C6D /* Store.swift in Sources */ = {isa = PBXBuildFile; fileRef = 6B1FAD372648081900603C6D /* Store.swift */; };
		6B1FAD3A2648089800603C6D /* SearchBar.swift in Sources */ = {isa = PBXBuildFile; fileRef = 6B1FAD392648089800603C6D /* SearchBar.swift */; };
		6B1FAD3C26480AF800603C6D /* Constants.swift in Sources */ = {isa = PBXBuildFile; fileRef = 6B1FAD3B26480AF800603C6D /* Constants.swift */; };
		6B1FAD3F26480E6300603C6D /* PopularItems.swift in Sources */ = {isa = PBXBuildFile; fileRef = 6B1FAD3E26480E6300603C6D /* PopularItems.swift */; };
		6B1FAD4126486C3400603C6D /* Item.swift in Sources */ = {isa = PBXBuildFile; fileRef = 6B1FAD4026486C3400603C6D /* Item.swift */; };
		6B1FAD4326493DAA00603C6D /* Catalog.swift in Sources */ = {isa = PBXBuildFile; fileRef = 6B1FAD4226493DAA00603C6D /* Catalog.swift */; };
		6B1FAD45264946D400603C6D /* ItemDetailView.swift in Sources */ = {isa = PBXBuildFile; fileRef = 6B1FAD44264946D400603C6D /* ItemDetailView.swift */; };
		6B1FAD492649515A00603C6D /* BasketItem.swift in Sources */ = {isa = PBXBuildFile; fileRef = 6B1FAD482649515900603C6D /* BasketItem.swift */; };
		6B1FAD4D2649B51A00603C6D /* BasketView.swift in Sources */ = {isa = PBXBuildFile; fileRef = 6B1FAD4C2649B51A00603C6D /* BasketView.swift */; };
/* End PBXBuildFile section */

/* Begin PBXFileReference section */
		6B0455EA264B4ED30066640D /* OrderView.swift */ = {isa = PBXFileReference; lastKnownFileType = sourcecode.swift; path = OrderView.swift; sourceTree = "<group>"; };
		6B0455EC264DD1DB0066640D /* ApplePay.swift */ = {isa = PBXFileReference; fileEncoding = 4; lastKnownFileType = sourcecode.swift; path = ApplePay.swift; sourceTree = "<group>"; };
		6B0455EF264DDD0F0066640D /* AccountView.swift */ = {isa = PBXFileReference; lastKnownFileType = sourcecode.swift; path = AccountView.swift; sourceTree = "<group>"; };
		6B1FAD192648002800603C6D /* ShopApp.app */ = {isa = PBXFileReference; explicitFileType = wrapper.application; includeInIndex = 0; path = ShopApp.app; sourceTree = BUILT_PRODUCTS_DIR; };
		6B1FAD1C2648002800603C6D /* ShopAppApp.swift */ = {isa = PBXFileReference; lastKnownFileType = sourcecode.swift; path = ShopAppApp.swift; sourceTree = "<group>"; };
		6B1FAD1E2648002800603C6D /* ContentView.swift */ = {isa = PBXFileReference; lastKnownFileType = sourcecode.swift; path = ContentView.swift; sourceTree = "<group>"; };
		6B1FAD202648002A00603C6D /* Assets.xcassets */ = {isa = PBXFileReference; lastKnownFileType = folder.assetcatalog; path = Assets.xcassets; sourceTree = "<group>"; };
		6B1FAD232648002A00603C6D /* Preview Assets.xcassets */ = {isa = PBXFileReference; lastKnownFileType = folder.assetcatalog; path = "Preview Assets.xcassets"; sourceTree = "<group>"; };
		6B1FAD252648002A00603C6D /* Info.plist */ = {isa = PBXFileReference; lastKnownFileType = text.plist.xml; path = Info.plist; sourceTree = "<group>"; };
		6B1FAD2B2648010F00603C6D /* MainscreenView.swift */ = {isa = PBXFileReference; lastKnownFileType = sourcecode.swift; path = MainscreenView.swift; sourceTree = "<group>"; };
		6B1FAD2D2648023300603C6D /* TabBar.swift */ = {isa = PBXFileReference; fileEncoding = 4; lastKnownFileType = sourcecode.swift; path = TabBar.swift; sourceTree = "<group>"; };
		6B1FAD372648081900603C6D /* Store.swift */ = {isa = PBXFileReference; lastKnownFileType = sourcecode.swift; path = Store.swift; sourceTree = "<group>"; };
		6B1FAD392648089800603C6D /* SearchBar.swift */ = {isa = PBXFileReference; lastKnownFileType = sourcecode.swift; path = SearchBar.swift; sourceTree = "<group>"; };
		6B1FAD3B26480AF800603C6D /* Constants.swift */ = {isa = PBXFileReference; fileEncoding = 4; lastKnownFileType = sourcecode.swift; path = Constants.swift; sourceTree = "<group>"; };
		6B1FAD3E26480E6300603C6D /* PopularItems.swift */ = {isa = PBXFileReference; lastKnownFileType = sourcecode.swift; path = PopularItems.swift; sourceTree = "<group>"; };
		6B1FAD4026486C3400603C6D /* Item.swift */ = {isa = PBXFileReference; lastKnownFileType = sourcecode.swift; path = Item.swift; sourceTree = "<group>"; };
		6B1FAD4226493DAA00603C6D /* Catalog.swift */ = {isa = PBXFileReference; lastKnownFileType = sourcecode.swift; path = Catalog.swift; sourceTree = "<group>"; };
		6B1FAD44264946D400603C6D /* ItemDetailView.swift */ = {isa = PBXFileReference; lastKnownFileType = sourcecode.swift; path = ItemDetailView.swift; sourceTree = "<group>"; };
		6B1FAD482649515900603C6D /* BasketItem.swift */ = {isa = PBXFileReference; lastKnownFileType = sourcecode.swift; path = BasketItem.swift; sourceTree = "<group>"; };
		6B1FAD4C2649B51A00603C6D /* BasketView.swift */ = {isa = PBXFileReference; lastKnownFileType = sourcecode.swift; path = BasketView.swift; sourceTree = "<group>"; };
/* End PBXFileReference section */

/* Begin PBXFrameworksBuildPhase section */
		6B1FAD162648002800603C6D /* Frameworks */ = {
			isa = PBXFrameworksBuildPhase;
			buildActionMask = 2147483647;
			files = (
				6B1FAD312648050E00603C6D /* Introspect in Frameworks */,
			);
			runOnlyForDeploymentPostprocessing = 0;
		};
/* End PBXFrameworksBuildPhase section */

/* Begin PBXGroup section */
		6B0455EE264DDCDA0066640D /* Basket */ = {
			isa = PBXGroup;
			children = (
				6B0455EA264B4ED30066640D /* OrderView.swift */,
				6B0455EC264DD1DB0066640D /* ApplePay.swift */,
			);
			path = Basket;
			sourceTree = "<group>";
		};
		6B1FAD102648002800603C6D = {
			isa = PBXGroup;
			children = (
				6B1FAD1B2648002800603C6D /* ShopApp */,
				6B1FAD1A2648002800603C6D /* Products */,
			);
			sourceTree = "<group>";
		};
		6B1FAD1A2648002800603C6D /* Products */ = {
			isa = PBXGroup;
			children = (
				6B1FAD192648002800603C6D /* ShopApp.app */,
			);
			name = Products;
			sourceTree = "<group>";
		};
		6B1FAD1B2648002800603C6D /* ShopApp */ = {
			isa = PBXGroup;
			children = (
				6B1FAD1E2648002800603C6D /* ContentView.swift */,
				6B1FAD332648078400603C6D /* Models */,
				6B1FAD322648077B00603C6D /* Views */,
				6B1FAD342648078C00603C6D /* ViewModel */,
				6B1FAD3B26480AF800603C6D /* Constants.swift */,
				6B1FAD202648002A00603C6D /* Assets.xcassets */,
				6B1FAD252648002A00603C6D /* Info.plist */,
				6B1FAD1C2648002800603C6D /* ShopAppApp.swift */,
				6B1FAD222648002A00603C6D /* Preview Content */,
			);
			path = ShopApp;
			sourceTree = "<group>";
		};
		6B1FAD222648002A00603C6D /* Preview Content */ = {
			isa = PBXGroup;
			children = (
				6B1FAD232648002A00603C6D /* Preview Assets.xcassets */,
			);
			path = "Preview Content";
			sourceTree = "<group>";
		};
		6B1FAD322648077B00603C6D /* Views */ = {
			isa = PBXGroup;
			children = (
				6B1FAD2D2648023300603C6D /* TabBar.swift */,
				6B1FAD2B2648010F00603C6D /* MainscreenView.swift */,
				6B1FAD4C2649B51A00603C6D /* BasketView.swift */,
				6B0455EF264DDD0F0066640D /* AccountView.swift */,
				6B1FAD3D26480E3D00603C6D /* Mainscreen */,
				6B0455EE264DDCDA0066640D /* Basket */,
			);
			path = Views;
			sourceTree = "<group>";
		};
		6B1FAD332648078400603C6D /* Models */ = {
			isa = PBXGroup;
			children = (
				6B1FAD4026486C3400603C6D /* Item.swift */,
				6B1FAD482649515900603C6D /* BasketItem.swift */,
			);
			path = Models;
			sourceTree = "<group>";
		};
		6B1FAD342648078C00603C6D /* ViewModel */ = {
			isa = PBXGroup;
			children = (
				6B1FAD372648081900603C6D /* Store.swift */,
			);
			path = ViewModel;
			sourceTree = "<group>";
		};
		6B1FAD3D26480E3D00603C6D /* Mainscreen */ = {
			isa = PBXGroup;
			children = (
				6B1FAD392648089800603C6D /* SearchBar.swift */,
				6B1FAD3E26480E6300603C6D /* PopularItems.swift */,
				6B1FAD4226493DAA00603C6D /* Catalog.swift */,
				6B1FAD44264946D400603C6D /* ItemDetailView.swift */,
			);
			path = Mainscreen;
			sourceTree = "<group>";
		};
/* End PBXGroup section */

/* Begin PBXNativeTarget section */
		6B1FAD182648002800603C6D /* ShopApp */ = {
			isa = PBXNativeTarget;
			buildConfigurationList = 6B1FAD282648002A00603C6D /* Build configuration list for PBXNativeTarget "ShopApp" */;
			buildPhases = (
				6B1FAD152648002800603C6D /* Sources */,
				6B1FAD162648002800603C6D /* Frameworks */,
				6B1FAD172648002800603C6D /* Resources */,
			);
			buildRules = (
			);
			dependencies = (
			);
			name = ShopApp;
			packageProductDependencies = (
				6B1FAD302648050E00603C6D /* Introspect */,
			);
			productName = ShopApp;
			productReference = 6B1FAD192648002800603C6D /* ShopApp.app */;
			productType = "com.apple.product-type.application";
		};
/* End PBXNativeTarget section */

/* Begin PBXProject section */
		6B1FAD112648002800603C6D /* Project object */ = {
			isa = PBXProject;
			attributes = {
				LastSwiftUpdateCheck = 1250;
				LastUpgradeCheck = 1250;
				TargetAttributes = {
					6B1FAD182648002800603C6D = {
						CreatedOnToolsVersion = 12.5;
					};
				};
			};
			buildConfigurationList = 6B1FAD142648002800603C6D /* Build configuration list for PBXProject "ShopApp" */;
			compatibilityVersion = "Xcode 9.3";
			developmentRegion = en;
			hasScannedForEncodings = 0;
			knownRegions = (
				en,
				Base,
			);
			mainGroup = 6B1FAD102648002800603C6D;
			packageReferences = (
				6B1FAD2F2648050E00603C6D /* XCRemoteSwiftPackageReference "SwiftUI-Introspect" */,
			);
			productRefGroup = 6B1FAD1A2648002800603C6D /* Products */;
			projectDirPath = "";
			projectRoot = "";
			targets = (
				6B1FAD182648002800603C6D /* ShopApp */,
			);
		};
/* End PBXProject section */

/* Begin PBXResourcesBuildPhase section */
		6B1FAD172648002800603C6D /* Resources */ = {
			isa = PBXResourcesBuildPhase;
			buildActionMask = 2147483647;
			files = (
				6B1FAD242648002A00603C6D /* Preview Assets.xcassets in Resources */,
				6B1FAD212648002A00603C6D /* Assets.xcassets in Resources */,
			);
			runOnlyForDeploymentPostprocessing = 0;
		};
/* End PBXResourcesBuildPhase section */

/* Begin PBXSourcesBuildPhase section */
		6B1FAD152648002800603C6D /* Sources */ = {
			isa = PBXSourcesBuildPhase;
			buildActionMask = 2147483647;
			files = (
				6B1FAD4D2649B51A00603C6D /* BasketView.swift in Sources */,
				6B0455EB264B4ED30066640D /* OrderView.swift in Sources */,
				6B1FAD492649515A00603C6D /* BasketItem.swift in Sources */,
				6B1FAD45264946D400603C6D /* ItemDetailView.swift in Sources */,
				6B0455F0264DDD0F0066640D /* AccountView.swift in Sources */,
				6B0455ED264DD1DB0066640D /* ApplePay.swift in Sources */,
				6B1FAD4126486C3400603C6D /* Item.swift in Sources */,
				6B1FAD3A2648089800603C6D /* SearchBar.swift in Sources */,
				6B1FAD1F2648002800603C6D /* ContentView.swift in Sources */,
				6B1FAD2C2648010F00603C6D /* MainscreenView.swift in Sources */,
				6B1FAD4326493DAA00603C6D /* Catalog.swift in Sources */,
				6B1FAD3F26480E6300603C6D /* PopularItems.swift in Sources */,
				6B1FAD1D2648002800603C6D /* ShopAppApp.swift in Sources */,
				6B1FAD382648081900603C6D /* Store.swift in Sources */,
				6B1FAD2E2648023300603C6D /* TabBar.swift in Sources */,
				6B1FAD3C26480AF800603C6D /* Constants.swift in Sources */,
			);
			runOnlyForDeploymentPostprocessing = 0;
		};
/* End PBXSourcesBuildPhase section */

/* Begin XCBuildConfiguration section */
		6B1FAD262648002A00603C6D /* Debug */ = {
			isa = XCBuildConfiguration;
			buildSettings = {
				ALWAYS_SEARCH_USER_PATHS = NO;
				CLANG_ANALYZER_NONNULL = YES;
				CLANG_ANALYZER_NUMBER_OBJECT_CONVERSION = YES_AGGRESSIVE;
				CLANG_CXX_LANGUAGE_STANDARD = "gnu++14";
				CLANG_CXX_LIBRARY = "libc++";
				CLANG_ENABLE_MODULES = YES;
				CLANG_ENABLE_OBJC_ARC = YES;
				CLANG_ENABLE_OBJC_WEAK = YES;
				CLANG_WARN_BLOCK_CAPTURE_AUTORELEASING = YES;
				CLANG_WARN_BOOL_CONVERSION = YES;
				CLANG_WARN_COMMA = YES;
				CLANG_WARN_CONSTANT_CONVERSION = YES;
				CLANG_WARN_DEPRECATED_OBJC_IMPLEMENTATIONS = YES;
				CLANG_WARN_DIRECT_OBJC_ISA_USAGE = YES_ERROR;
				CLANG_WARN_DOCUMENTATION_COMMENTS = YES;
				CLANG_WARN_EMPTY_BODY = YES;
				CLANG_WARN_ENUM_CONVERSION = YES;
				CLANG_WARN_INFINITE_RECURSION = YES;
				CLANG_WARN_INT_CONVERSION = YES;
				CLANG_WARN_NON_LITERAL_NULL_CONVERSION = YES;
				CLANG_WARN_OBJC_IMPLICIT_RETAIN_SELF = YES;
				CLANG_WARN_OBJC_LITERAL_CONVERSION = YES;
				CLANG_WARN_OBJC_ROOT_CLASS = YES_ERROR;
				CLANG_WARN_QUOTED_INCLUDE_IN_FRAMEWORK_HEADER = YES;
				CLANG_WARN_RANGE_LOOP_ANALYSIS = YES;
				CLANG_WARN_STRICT_PROTOTYPES = YES;
				CLANG_WARN_SUSPICIOUS_MOVE = YES;
				CLANG_WARN_UNGUARDED_AVAILABILITY = YES_AGGRESSIVE;
				CLANG_WARN_UNREACHABLE_CODE = YES;
				CLANG_WARN__DUPLICATE_METHOD_MATCH = YES;
				COPY_PHASE_STRIP = NO;
				DEBUG_INFORMATION_FORMAT = dwarf;
				ENABLE_STRICT_OBJC_MSGSEND = YES;
				ENABLE_TESTABILITY = YES;
				GCC_C_LANGUAGE_STANDARD = gnu11;
				GCC_DYNAMIC_NO_PIC = NO;
				GCC_NO_COMMON_BLOCKS = YES;
				GCC_OPTIMIZATION_LEVEL = 0;
				GCC_PREPROCESSOR_DEFINITIONS = (
					"DEBUG=1",
					"$(inherited)",
				);
				GCC_WARN_64_TO_32_BIT_CONVERSION = YES;
				GCC_WARN_ABOUT_RETURN_TYPE = YES_ERROR;
				GCC_WARN_UNDECLARED_SELECTOR = YES;
				GCC_WARN_UNINITIALIZED_AUTOS = YES_AGGRESSIVE;
				GCC_WARN_UNUSED_FUNCTION = YES;
				GCC_WARN_UNUSED_VARIABLE = YES;
				IPHONEOS_DEPLOYMENT_TARGET = 14.5;
				MTL_ENABLE_DEBUG_INFO = INCLUDE_SOURCE;
				MTL_FAST_MATH = YES;
				ONLY_ACTIVE_ARCH = YES;
				SDKROOT = iphoneos;
				SWIFT_ACTIVE_COMPILATION_CONDITIONS = DEBUG;
				SWIFT_OPTIMIZATION_LEVEL = "-Onone";
			};
			name = Debug;
		};
		6B1FAD272648002A00603C6D /* Release */ = {
			isa = XCBuildConfiguration;
			buildSettings = {
				ALWAYS_SEARCH_USER_PATHS = NO;
				CLANG_ANALYZER_NONNULL = YES;
				CLANG_ANALYZER_NUMBER_OBJECT_CONVERSION = YES_AGGRESSIVE;
				CLANG_CXX_LANGUAGE_STANDARD = "gnu++14";
				CLANG_CXX_LIBRARY = "libc++";
				CLANG_ENABLE_MODULES = YES;
				CLANG_ENABLE_OBJC_ARC = YES;
				CLANG_ENABLE_OBJC_WEAK = YES;
				CLANG_WARN_BLOCK_CAPTURE_AUTORELEASING = YES;
				CLANG_WARN_BOOL_CONVERSION = YES;
				CLANG_WARN_COMMA = YES;
				CLANG_WARN_CONSTANT_CONVERSION = YES;
				CLANG_WARN_DEPRECATED_OBJC_IMPLEMENTATIONS = YES;
				CLANG_WARN_DIRECT_OBJC_ISA_USAGE = YES_ERROR;
				CLANG_WARN_DOCUMENTATION_COMMENTS = YES;
				CLANG_WARN_EMPTY_BODY = YES;
				CLANG_WARN_ENUM_CONVERSION = YES;
				CLANG_WARN_INFINITE_RECURSION = YES;
				CLANG_WARN_INT_CONVERSION = YES;
				CLANG_WARN_NON_LITERAL_NULL_CONVERSION = YES;
				CLANG_WARN_OBJC_IMPLICIT_RETAIN_SELF = YES;
				CLANG_WARN_OBJC_LITERAL_CONVERSION = YES;
				CLANG_WARN_OBJC_ROOT_CLASS = YES_ERROR;
				CLANG_WARN_QUOTED_INCLUDE_IN_FRAMEWORK_HEADER = YES;
				CLANG_WARN_RANGE_LOOP_ANALYSIS = YES;
				CLANG_WARN_STRICT_PROTOTYPES = YES;
				CLANG_WARN_SUSPICIOUS_MOVE = YES;
				CLANG_WARN_UNGUARDED_AVAILABILITY = YES_AGGRESSIVE;
				CLANG_WARN_UNREACHABLE_CODE = YES;
				CLANG_WARN__DUPLICATE_METHOD_MATCH = YES;
				COPY_PHASE_STRIP = NO;
				DEBUG_INFORMATION_FORMAT = "dwarf-with-dsym";
				ENABLE_NS_ASSERTIONS = NO;
				ENABLE_STRICT_OBJC_MSGSEND = YES;
				GCC_C_LANGUAGE_STANDARD = gnu11;
				GCC_NO_COMMON_BLOCKS = YES;
				GCC_WARN_64_TO_32_BIT_CONVERSION = YES;
				GCC_WARN_ABOUT_RETURN_TYPE = YES_ERROR;
				GCC_WARN_UNDECLARED_SELECTOR = YES;
				GCC_WARN_UNINITIALIZED_AUTOS = YES_AGGRESSIVE;
				GCC_WARN_UNUSED_FUNCTION = YES;
				GCC_WARN_UNUSED_VARIABLE = YES;
				IPHONEOS_DEPLOYMENT_TARGET = 14.5;
				MTL_ENABLE_DEBUG_INFO = NO;
				MTL_FAST_MATH = YES;
				SDKROOT = iphoneos;
				SWIFT_COMPILATION_MODE = wholemodule;
				SWIFT_OPTIMIZATION_LEVEL = "-O";
				VALIDATE_PRODUCT = YES;
			};
			name = Release;
		};
		6B1FAD292648002A00603C6D /* Debug */ = {
			isa = XCBuildConfiguration;
			buildSettings = {
				ASSETCATALOG_COMPILER_APPICON_NAME = AppIcon;
				ASSETCATALOG_COMPILER_GLOBAL_ACCENT_COLOR_NAME = AccentColor;
				CODE_SIGN_STYLE = Automatic;
				DEVELOPMENT_ASSET_PATHS = "\"ShopApp/Preview Content\"";
				DEVELOPMENT_TEAM = XWJ7U5B2BL;
				ENABLE_PREVIEWS = YES;
				INFOPLIST_FILE = ShopApp/Info.plist;
				IPHONEOS_DEPLOYMENT_TARGET = 14.0;
				LD_RUNPATH_SEARCH_PATHS = (
					"$(inherited)",
					"@executable_path/Frameworks",
				);
				PRODUCT_BUNDLE_IDENTIFIER = krakatoor.ru.ShopApp;
				PRODUCT_NAME = "$(TARGET_NAME)";
				SWIFT_VERSION = 5.0;
				TARGETED_DEVICE_FAMILY = "1,2";
			};
			name = Debug;
		};
		6B1FAD2A2648002A00603C6D /* Release */ = {
			isa = XCBuildConfiguration;
			buildSettings = {
				ASSETCATALOG_COMPILER_APPICON_NAME = AppIcon;
				ASSETCATALOG_COMPILER_GLOBAL_ACCENT_COLOR_NAME = AccentColor;
				CODE_SIGN_STYLE = Automatic;
				DEVELOPMENT_ASSET_PATHS = "\"ShopApp/Preview Content\"";
				DEVELOPMENT_TEAM = XWJ7U5B2BL;
				ENABLE_PREVIEWS = YES;
				INFOPLIST_FILE = ShopApp/Info.plist;
				IPHONEOS_DEPLOYMENT_TARGET = 14.0;
				LD_RUNPATH_SEARCH_PATHS = (
					"$(inherited)",
					"@executable_path/Frameworks",
				);
				PRODUCT_BUNDLE_IDENTIFIER = krakatoor.ru.ShopApp;
				PRODUCT_NAME = "$(TARGET_NAME)";
				SWIFT_VERSION = 5.0;
				TARGETED_DEVICE_FAMILY = "1,2";
			};
			name = Release;
		};
/* End XCBuildConfiguration section */

/* Begin XCConfigurationList section */
		6B1FAD142648002800603C6D /* Build configuration list for PBXProject "ShopApp" */ = {
			isa = XCConfigurationList;
			buildConfigurations = (
				6B1FAD262648002A00603C6D /* Debug */,
				6B1FAD272648002A00603C6D /* Release */,
			);
			defaultConfigurationIsVisible = 0;
			defaultConfigurationName = Release;
		};
		6B1FAD282648002A00603C6D /* Build configuration list for PBXNativeTarget "ShopApp" */ = {
			isa = XCConfigurationList;
			buildConfigurations = (
				6B1FAD292648002A00603C6D /* Debug */,
				6B1FAD2A2648002A00603C6D /* Release */,
			);
			defaultConfigurationIsVisible = 0;
			defaultConfigurationName = Release;
		};
/* End XCConfigurationList section */

/* Begin XCRemoteSwiftPackageReference section */
		6B1FAD2F2648050E00603C6D /* XCRemoteSwiftPackageReference "SwiftUI-Introspect" */ = {
			isa = XCRemoteSwiftPackageReference;
			repositoryURL = "https://github.com/siteline/SwiftUI-Introspect";
			requirement = {
				kind = upToNextMajorVersion;
				minimumVersion = 0.1.3;
			};
		};
/* End XCRemoteSwiftPackageReference section */

/* Begin XCSwiftPackageProductDependency section */
		6B1FAD302648050E00603C6D /* Introspect */ = {
			isa = XCSwiftPackageProductDependency;
			package = 6B1FAD2F2648050E00603C6D /* XCRemoteSwiftPackageReference "SwiftUI-Introspect" */;
			productName = Introspect;
		};
/* End XCSwiftPackageProductDependency section */
	};
	rootObject = 6B1FAD112648002800603C6D /* Project object */;
}
